// !$*UTF8*$!
{
	archiveVersion = 1;
	classes = {
	};
	objectVersion = 77;
	objects = {

/* Begin PBXContainerItemProxy section */
		ED8E52F92D60EFA600CF9CB1 /* PBXContainerItemProxy */ = {
			isa = PBXContainerItemProxy;
			containerPortal = ED8E52E02D60EFA400CF9CB1 /* Project object */;
			proxyType = 1;
			remoteGlobalIDString = ED8E52E72D60EFA400CF9CB1;
			remoteInfo = ChatGPTUI;
		};
		ED8E53032D60EFA600CF9CB1 /* PBXContainerItemProxy */ = {
			isa = PBXContainerItemProxy;
			containerPortal = ED8E52E02D60EFA400CF9CB1 /* Project object */;
			proxyType = 1;
			remoteGlobalIDString = ED8E52E72D60EFA400CF9CB1;
			remoteInfo = ChatGPTUI;
		};
/* End PBXContainerItemProxy section */

/* Begin PBXFileReference section */
		ED8E52E82D60EFA400CF9CB1 /* ChatGPTUI.app */ = {isa = PBXFileReference; explicitFileType = wrapper.application; includeInIndex = 0; path = ChatGPTUI.app; sourceTree = BUILT_PRODUCTS_DIR; };
		ED8E52F82D60EFA600CF9CB1 /* ChatGPTUITests.xctest */ = {isa = PBXFileReference; explicitFileType = wrapper.cfbundle; includeInIndex = 0; path = ChatGPTUITests.xctest; sourceTree = BUILT_PRODUCTS_DIR; };
		ED8E53022D60EFA600CF9CB1 /* ChatGPTUIUITests.xctest */ = {isa = PBXFileReference; explicitFileType = wrapper.cfbundle; includeInIndex = 0; path = ChatGPTUIUITests.xctest; sourceTree = BUILT_PRODUCTS_DIR; };
/* End PBXFileReference section */

/* Begin PBXFileSystemSynchronizedBuildFileExceptionSet section */
		ED8E53162D60F35B00CF9CB1 /* Exceptions for "ChatGPTUI" folder in "ChatGPTUI" target */ = {
			isa = PBXFileSystemSynchronizedBuildFileExceptionSet;
			membershipExceptions = (
				Info.plist,
			);
			target = ED8E52E72D60EFA400CF9CB1 /* ChatGPTUI */;
		};
/* End PBXFileSystemSynchronizedBuildFileExceptionSet section */

/* Begin PBXFileSystemSynchronizedRootGroup section */
		ED8E52EA2D60EFA400CF9CB1 /* ChatGPTUI */ = {
			isa = PBXFileSystemSynchronizedRootGroup;
			exceptions = (
				ED8E53162D60F35B00CF9CB1 /* Exceptions for "ChatGPTUI" folder in "ChatGPTUI" target */,
			);
			path = ChatGPTUI;
			sourceTree = "<group>";
		};
		ED8E52FB2D60EFA600CF9CB1 /* ChatGPTUITests */ = {
			isa = PBXFileSystemSynchronizedRootGroup;
			path = ChatGPTUITests;
			sourceTree = "<group>";
		};
		ED8E53052D60EFA600CF9CB1 /* ChatGPTUIUITests */ = {
			isa = PBXFileSystemSynchronizedRootGroup;
			path = ChatGPTUIUITests;
			sourceTree = "<group>";
		};
/* End PBXFileSystemSynchronizedRootGroup section */

/* Begin PBXFrameworksBuildPhase section */
		ED8E52E52D60EFA400CF9CB1 /* Frameworks */ = {
			isa = PBXFrameworksBuildPhase;
			buildActionMask = 2147483647;
			files = (
			);
			runOnlyForDeploymentPostprocessing = 0;
		};
		ED8E52F52D60EFA600CF9CB1 /* Frameworks */ = {
			isa = PBXFrameworksBuildPhase;
			buildActionMask = 2147483647;
			files = (
			);
			runOnlyForDeploymentPostprocessing = 0;
		};
		ED8E52FF2D60EFA600CF9CB1 /* Frameworks */ = {
			isa = PBXFrameworksBuildPhase;
			buildActionMask = 2147483647;
			files = (
			);
			runOnlyForDeploymentPostprocessing = 0;
		};
/* End PBXFrameworksBuildPhase section */

/* Begin PBXGroup section */
		ED8E52DF2D60EFA400CF9CB1 = {
			isa = PBXGroup;
			children = (
				ED8E52EA2D60EFA400CF9CB1 /* ChatGPTUI */,
				ED8E52FB2D60EFA600CF9CB1 /* ChatGPTUITests */,
				ED8E53052D60EFA600CF9CB1 /* ChatGPTUIUITests */,
				ED8E52E92D60EFA400CF9CB1 /* Products */,
			);
			sourceTree = "<group>";
		};
		ED8E52E92D60EFA400CF9CB1 /* Products */ = {
			isa = PBXGroup;
			children = (
				ED8E52E82D60EFA400CF9CB1 /* ChatGPTUI.app */,
				ED8E52F82D60EFA600CF9CB1 /* ChatGPTUITests.xctest */,
				ED8E53022D60EFA600CF9CB1 /* ChatGPTUIUITests.xctest */,
			);
			name = Products;
			sourceTree = "<group>";
		};
/* End PBXGroup section */

/* Begin PBXNativeTarget section */
		ED8E52E72D60EFA400CF9CB1 /* ChatGPTUI */ = {
			isa = PBXNativeTarget;
			buildConfigurationList = ED8E530C2D60EFA600CF9CB1 /* Build configuration list for PBXNativeTarget "ChatGPTUI" */;
			buildPhases = (
				ED8E52E42D60EFA400CF9CB1 /* Sources */,
				ED8E52E52D60EFA400CF9CB1 /* Frameworks */,
				ED8E52E62D60EFA400CF9CB1 /* Resources */,
			);
			buildRules = (
			);
			dependencies = (
			);
			fileSystemSynchronizedGroups = (
				ED8E52EA2D60EFA400CF9CB1 /* ChatGPTUI */,
			);
			name = ChatGPTUI;
			packageProductDependencies = (
			);
			productName = ChatGPTUI;
			productReference = ED8E52E82D60EFA400CF9CB1 /* ChatGPTUI.app */;
			productType = "com.apple.product-type.application";
		};
		ED8E52F72D60EFA600CF9CB1 /* ChatGPTUITests */ = {
			isa = PBXNativeTarget;
			buildConfigurationList = ED8E530F2D60EFA600CF9CB1 /* Build configuration list for PBXNativeTarget "ChatGPTUITests" */;
			buildPhases = (
				ED8E52F42D60EFA600CF9CB1 /* Sources */,
				ED8E52F52D60EFA600CF9CB1 /* Frameworks */,
				ED8E52F62D60EFA600CF9CB1 /* Resources */,
			);
			buildRules = (
			);
			dependencies = (
				ED8E52FA2D60EFA600CF9CB1 /* PBXTargetDependency */,
			);
			fileSystemSynchronizedGroups = (
				ED8E52FB2D60EFA600CF9CB1 /* ChatGPTUITests */,
			);
			name = ChatGPTUITests;
			packageProductDependencies = (
			);
			productName = ChatGPTUITests;
			productReference = ED8E52F82D60EFA600CF9CB1 /* ChatGPTUITests.xctest */;
			productType = "com.apple.product-type.bundle.unit-test";
		};
		ED8E53012D60EFA600CF9CB1 /* ChatGPTUIUITests */ = {
			isa = PBXNativeTarget;
			buildConfigurationList = ED8E53122D60EFA600CF9CB1 /* Build configuration list for PBXNativeTarget "ChatGPTUIUITests" */;
			buildPhases = (
				ED8E52FE2D60EFA600CF9CB1 /* Sources */,
				ED8E52FF2D60EFA600CF9CB1 /* Frameworks */,
				ED8E53002D60EFA600CF9CB1 /* Resources */,
			);
			buildRules = (
			);
			dependencies = (
				ED8E53042D60EFA600CF9CB1 /* PBXTargetDependency */,
			);
			fileSystemSynchronizedGroups = (
				ED8E53052D60EFA600CF9CB1 /* ChatGPTUIUITests */,
			);
			name = ChatGPTUIUITests;
			packageProductDependencies = (
			);
			productName = ChatGPTUIUITests;
			productReference = ED8E53022D60EFA600CF9CB1 /* ChatGPTUIUITests.xctest */;
			productType = "com.apple.product-type.bundle.ui-testing";
		};
/* End PBXNativeTarget section */

/* Begin PBXProject section */
		ED8E52E02D60EFA400CF9CB1 /* Project object */ = {
			isa = PBXProject;
			attributes = {
				BuildIndependentTargetsInParallel = 1;
				KnownAssetTags = (
					APIKeys,
				);
				LastSwiftUpdateCheck = 1620;
				LastUpgradeCheck = 1620;
				TargetAttributes = {
					ED8E52E72D60EFA400CF9CB1 = {
						CreatedOnToolsVersion = 16.2;
					};
					ED8E52F72D60EFA600CF9CB1 = {
						CreatedOnToolsVersion = 16.2;
						TestTargetID = ED8E52E72D60EFA400CF9CB1;
					};
					ED8E53012D60EFA600CF9CB1 = {
						CreatedOnToolsVersion = 16.2;
						TestTargetID = ED8E52E72D60EFA400CF9CB1;
					};
				};
			};
			buildConfigurationList = ED8E52E32D60EFA400CF9CB1 /* Build configuration list for PBXProject "ChatGPTUI" */;
			developmentRegion = en;
			hasScannedForEncodings = 0;
			knownRegions = (
				en,
				Base,
			);
			mainGroup = ED8E52DF2D60EFA400CF9CB1;
			minimizedProjectReferenceProxies = 1;
			preferredProjectObjectVersion = 77;
			productRefGroup = ED8E52E92D60EFA400CF9CB1 /* Products */;
			projectDirPath = "";
			projectRoot = "";
			targets = (
				ED8E52E72D60EFA400CF9CB1 /* ChatGPTUI */,
				ED8E52F72D60EFA600CF9CB1 /* ChatGPTUITests */,
				ED8E53012D60EFA600CF9CB1 /* ChatGPTUIUITests */,
			);
		};
/* End PBXProject section */

/* Begin PBXResourcesBuildPhase section */
		ED8E52E62D60EFA400CF9CB1 /* Resources */ = {
			isa = PBXResourcesBuildPhase;
			buildActionMask = 2147483647;
			files = (
			);
			runOnlyForDeploymentPostprocessing = 0;
		};
		ED8E52F62D60EFA600CF9CB1 /* Resources */ = {
			isa = PBXResourcesBuildPhase;
			buildActionMask = 2147483647;
			files = (
			);
			runOnlyForDeploymentPostprocessing = 0;
		};
		ED8E53002D60EFA600CF9CB1 /* Resources */ = {
			isa = PBXResourcesBuildPhase;
			buildActionMask = 2147483647;
			files = (
			);
			runOnlyForDeploymentPostprocessing = 0;
		};
/* End PBXResourcesBuildPhase section */

/* Begin PBXSourcesBuildPhase section */
		ED8E52E42D60EFA400CF9CB1 /* Sources */ = {
			isa = PBXSourcesBuildPhase;
			buildActionMask = 2147483647;
			files = (
			);
			runOnlyForDeploymentPostprocessing = 0;
		};
		ED8E52F42D60EFA600CF9CB1 /* Sources */ = {
			isa = PBXSourcesBuildPhase;
			buildActionMask = 2147483647;
			files = (
			);
			runOnlyForDeploymentPostprocessing = 0;
		};
		ED8E52FE2D60EFA600CF9CB1 /* Sources */ = {
			isa = PBXSourcesBuildPhase;
			buildActionMask = 2147483647;
			files = (
			);
			runOnlyForDeploymentPostprocessing = 0;
		};
/* End PBXSourcesBuildPhase section */

/* Begin PBXTargetDependency section */
		ED8E52FA2D60EFA600CF9CB1 /* PBXTargetDependency */ = {
			isa = PBXTargetDependency;
			target = ED8E52E72D60EFA400CF9CB1 /* ChatGPTUI */;
			targetProxy = ED8E52F92D60EFA600CF9CB1 /* PBXContainerItemProxy */;
		};
		ED8E53042D60EFA600CF9CB1 /* PBXTargetDependency */ = {
			isa = PBXTargetDependency;
			target = ED8E52E72D60EFA400CF9CB1 /* ChatGPTUI */;
			targetProxy = ED8E53032D60EFA600CF9CB1 /* PBXContainerItemProxy */;
		};
/* End PBXTargetDependency section */

/* Begin XCBuildConfiguration section */
		ED8E530A2D60EFA600CF9CB1 /* Debug */ = {
			isa = XCBuildConfiguration;
			buildSettings = {
				ALWAYS_SEARCH_USER_PATHS = NO;
				ASSETCATALOG_COMPILER_GENERATE_SWIFT_ASSET_SYMBOL_EXTENSIONS = YES;
				CLANG_ANALYZER_NONNULL = YES;
				CLANG_ANALYZER_NUMBER_OBJECT_CONVERSION = YES_AGGRESSIVE;
				CLANG_CXX_LANGUAGE_STANDARD = "gnu++20";
				CLANG_ENABLE_MODULES = YES;
				CLANG_ENABLE_OBJC_ARC = YES;
				CLANG_ENABLE_OBJC_WEAK = YES;
				CLANG_WARN_BLOCK_CAPTURE_AUTORELEASING = YES;
				CLANG_WARN_BOOL_CONVERSION = YES;
				CLANG_WARN_COMMA = YES;
				CLANG_WARN_CONSTANT_CONVERSION = YES;
				CLANG_WARN_DEPRECATED_OBJC_IMPLEMENTATIONS = YES;
				CLANG_WARN_DIRECT_OBJC_ISA_USAGE = YES_ERROR;
				CLANG_WARN_DOCUMENTATION_COMMENTS = YES;
				CLANG_WARN_EMPTY_BODY = YES;
				CLANG_WARN_ENUM_CONVERSION = YES;
				CLANG_WARN_INFINITE_RECURSION = YES;
				CLANG_WARN_INT_CONVERSION = YES;
				CLANG_WARN_NON_LITERAL_NULL_CONVERSION = YES;
				CLANG_WARN_OBJC_IMPLICIT_RETAIN_SELF = YES;
				CLANG_WARN_OBJC_LITERAL_CONVERSION = YES;
				CLANG_WARN_OBJC_ROOT_CLASS = YES_ERROR;
				CLANG_WARN_QUOTED_INCLUDE_IN_FRAMEWORK_HEADER = YES;
				CLANG_WARN_RANGE_LOOP_ANALYSIS = YES;
				CLANG_WARN_STRICT_PROTOTYPES = YES;
				CLANG_WARN_SUSPICIOUS_MOVE = YES;
				CLANG_WARN_UNGUARDED_AVAILABILITY = YES_AGGRESSIVE;
				CLANG_WARN_UNREACHABLE_CODE = YES;
				CLANG_WARN__DUPLICATE_METHOD_MATCH = YES;
				COPY_PHASE_STRIP = NO;
				DEBUG_INFORMATION_FORMAT = dwarf;
				ENABLE_STRICT_OBJC_MSGSEND = YES;
				ENABLE_TESTABILITY = YES;
				ENABLE_USER_SCRIPT_SANDBOXING = YES;
				GCC_C_LANGUAGE_STANDARD = gnu17;
				GCC_DYNAMIC_NO_PIC = NO;
				GCC_NO_COMMON_BLOCKS = YES;
				GCC_OPTIMIZATION_LEVEL = 0;
				GCC_PREPROCESSOR_DEFINITIONS = (
					"DEBUG=1",
					"$(inherited)",
				);
				GCC_WARN_64_TO_32_BIT_CONVERSION = YES;
				GCC_WARN_ABOUT_RETURN_TYPE = YES_ERROR;
				GCC_WARN_UNDECLARED_SELECTOR = YES;
				GCC_WARN_UNINITIALIZED_AUTOS = YES_AGGRESSIVE;
				GCC_WARN_UNUSED_FUNCTION = YES;
				GCC_WARN_UNUSED_VARIABLE = YES;
				IPHONEOS_DEPLOYMENT_TARGET = 18.2;
				LOCALIZATION_PREFERS_STRING_CATALOGS = YES;
				MTL_ENABLE_DEBUG_INFO = INCLUDE_SOURCE;
				MTL_FAST_MATH = YES;
				ONLY_ACTIVE_ARCH = YES;
				SDKROOT = iphoneos;
				SWIFT_ACTIVE_COMPILATION_CONDITIONS = "DEBUG $(inherited)";
				SWIFT_OPTIMIZATION_LEVEL = "-Onone";
			};
			name = Debug;
		};
		ED8E530B2D60EFA600CF9CB1 /* Release */ = {
			isa = XCBuildConfiguration;
			buildSettings = {
				ALWAYS_SEARCH_USER_PATHS = NO;
				ASSETCATALOG_COMPILER_GENERATE_SWIFT_ASSET_SYMBOL_EXTENSIONS = YES;
				CLANG_ANALYZER_NONNULL = YES;
				CLANG_ANALYZER_NUMBER_OBJECT_CONVERSION = YES_AGGRESSIVE;
				CLANG_CXX_LANGUAGE_STANDARD = "gnu++20";
				CLANG_ENABLE_MODULES = YES;
				CLANG_ENABLE_OBJC_ARC = YES;
				CLANG_ENABLE_OBJC_WEAK = YES;
				CLANG_WARN_BLOCK_CAPTURE_AUTORELEASING = YES;
				CLANG_WARN_BOOL_CONVERSION = YES;
				CLANG_WARN_COMMA = YES;
				CLANG_WARN_CONSTANT_CONVERSION = YES;
				CLANG_WARN_DEPRECATED_OBJC_IMPLEMENTATIONS = YES;
				CLANG_WARN_DIRECT_OBJC_ISA_USAGE = YES_ERROR;
				CLANG_WARN_DOCUMENTATION_COMMENTS = YES;
				CLANG_WARN_EMPTY_BODY = YES;
				CLANG_WARN_ENUM_CONVERSION = YES;
				CLANG_WARN_INFINITE_RECURSION = YES;
				CLANG_WARN_INT_CONVERSION = YES;
				CLANG_WARN_NON_LITERAL_NULL_CONVERSION = YES;
				CLANG_WARN_OBJC_IMPLICIT_RETAIN_SELF = YES;
				CLANG_WARN_OBJC_LITERAL_CONVERSION = YES;
				CLANG_WARN_OBJC_ROOT_CLASS = YES_ERROR;
				CLANG_WARN_QUOTED_INCLUDE_IN_FRAMEWORK_HEADER = YES;
				CLANG_WARN_RANGE_LOOP_ANALYSIS = YES;
				CLANG_WARN_STRICT_PROTOTYPES = YES;
				CLANG_WARN_SUSPICIOUS_MOVE = YES;
				CLANG_WARN_UNGUARDED_AVAILABILITY = YES_AGGRESSIVE;
				CLANG_WARN_UNREACHABLE_CODE = YES;
				CLANG_WARN__DUPLICATE_METHOD_MATCH = YES;
				COPY_PHASE_STRIP = NO;
				DEBUG_INFORMATION_FORMAT = "dwarf-with-dsym";
				ENABLE_NS_ASSERTIONS = NO;
				ENABLE_STRICT_OBJC_MSGSEND = YES;
				ENABLE_USER_SCRIPT_SANDBOXING = YES;
				GCC_C_LANGUAGE_STANDARD = gnu17;
				GCC_NO_COMMON_BLOCKS = YES;
				GCC_WARN_64_TO_32_BIT_CONVERSION = YES;
				GCC_WARN_ABOUT_RETURN_TYPE = YES_ERROR;
				GCC_WARN_UNDECLARED_SELECTOR = YES;
				GCC_WARN_UNINITIALIZED_AUTOS = YES_AGGRESSIVE;
				GCC_WARN_UNUSED_FUNCTION = YES;
				GCC_WARN_UNUSED_VARIABLE = YES;
				IPHONEOS_DEPLOYMENT_TARGET = 18.2;
				LOCALIZATION_PREFERS_STRING_CATALOGS = YES;
				MTL_ENABLE_DEBUG_INFO = NO;
				MTL_FAST_MATH = YES;
				SDKROOT = iphoneos;
				SWIFT_COMPILATION_MODE = wholemodule;
				VALIDATE_PRODUCT = YES;
			};
			name = Release;
		};
		ED8E530D2D60EFA600CF9CB1 /* Debug */ = {
			isa = XCBuildConfiguration;
			buildSettings = {
				ASSETCATALOG_COMPILER_APPICON_NAME = AppIcon;
				ASSETCATALOG_COMPILER_GLOBAL_ACCENT_COLOR_NAME = AccentColor;
				CODE_SIGN_STYLE = Automatic;
				CURRENT_PROJECT_VERSION = 1;
				DEVELOPMENT_ASSET_PATHS = "\"ChatGPTUI/Preview Content\"";
				DEVELOPMENT_TEAM = 47JMH6775V;
				ENABLE_PREVIEWS = YES;
				GENERATE_INFOPLIST_FILE = YES;
				INFOPLIST_FILE = ChatGPTUI/Info.plist;
				INFOPLIST_KEY_UIApplicationSceneManifest_Generation = YES;
				INFOPLIST_KEY_UIApplicationSupportsIndirectInputEvents = YES;
				INFOPLIST_KEY_UILaunchScreen_Generation = YES;
				INFOPLIST_KEY_UISupportedInterfaceOrientations_iPad = "UIInterfaceOrientationPortrait UIInterfaceOrientationPortraitUpsideDown UIInterfaceOrientationLandscapeLeft UIInterfaceOrientationLandscapeRight";
				INFOPLIST_KEY_UISupportedInterfaceOrientations_iPhone = "UIInterfaceOrientationPortrait UIInterfaceOrientationLandscapeLeft UIInterfaceOrientationLandscapeRight";
				LD_RUNPATH_SEARCH_PATHS = (
					"$(inherited)",
					"@executable_path/Frameworks",
				);
				MARKETING_VERSION = 1.0;
				PRODUCT_BUNDLE_IDENTIFIER = com.engingunduz.ChatGPTUI;
				PRODUCT_NAME = "$(TARGET_NAME)";
				SWIFT_EMIT_LOC_STRINGS = YES;
				SWIFT_VERSION = 5.0;
				TARGETED_DEVICE_FAMILY = "1,2";
			};
			name = Debug;
		};
		ED8E530E2D60EFA600CF9CB1 /* Release */ = {
			isa = XCBuildConfiguration;
			buildSettings = {
				ASSETCATALOG_COMPILER_APPICON_NAME = AppIcon;
				ASSETCATALOG_COMPILER_GLOBAL_ACCENT_COLOR_NAME = AccentColor;
				CODE_SIGN_STYLE = Automatic;
				CURRENT_PROJECT_VERSION = 1;
				DEVELOPMENT_ASSET_PATHS = "\"ChatGPTUI/Preview Content\"";
				DEVELOPMENT_TEAM = 47JMH6775V;
				ENABLE_PREVIEWS = YES;
				GENERATE_INFOPLIST_FILE = YES;
				INFOPLIST_FILE = ChatGPTUI/Info.plist;
				INFOPLIST_KEY_UIApplicationSceneManifest_Generation = YES;
				INFOPLIST_KEY_UIApplicationSupportsIndirectInputEvents = YES;
				INFOPLIST_KEY_UILaunchScreen_Generation = YES;
				INFOPLIST_KEY_UISupportedInterfaceOrientations_iPad = "UIInterfaceOrientationPortrait UIInterfaceOrientationPortraitUpsideDown UIInterfaceOrientationLandscapeLeft UIInterfaceOrientationLandscapeRight";
				INFOPLIST_KEY_UISupportedInterfaceOrientations_iPhone = "UIInterfaceOrientationPortrait UIInterfaceOrientationLandscapeLeft UIInterfaceOrientationLandscapeRight";
				LD_RUNPATH_SEARCH_PATHS = (
					"$(inherited)",
					"@executable_path/Frameworks",
				);
				MARKETING_VERSION = 1.0;
				PRODUCT_BUNDLE_IDENTIFIER = com.engingunduz.ChatGPTUI;
				PRODUCT_NAME = "$(TARGET_NAME)";
				SWIFT_EMIT_LOC_STRINGS = YES;
				SWIFT_VERSION = 5.0;
				TARGETED_DEVICE_FAMILY = "1,2";
			};
			name = Release;
		};
		ED8E53102D60EFA600CF9CB1 /* Debug */ = {
			isa = XCBuildConfiguration;
			buildSettings = {
				BUNDLE_LOADER = "$(TEST_HOST)";
				CODE_SIGN_STYLE = Automatic;
				CURRENT_PROJECT_VERSION = 1;
				DEVELOPMENT_TEAM = 47JMH6775V;
				GENERATE_INFOPLIST_FILE = YES;
				IPHONEOS_DEPLOYMENT_TARGET = 18.2;
				MARKETING_VERSION = 1.0;
				PRODUCT_BUNDLE_IDENTIFIER = com.engingunduz.ChatGPTUITests;
				PRODUCT_NAME = "$(TARGET_NAME)";
				SWIFT_EMIT_LOC_STRINGS = NO;
				SWIFT_VERSION = 5.0;
				TARGETED_DEVICE_FAMILY = "1,2";
				TEST_HOST = "$(BUILT_PRODUCTS_DIR)/ChatGPTUI.app/$(BUNDLE_EXECUTABLE_FOLDER_PATH)/ChatGPTUI";
			};
			name = Debug;
		};
		ED8E53112D60EFA600CF9CB1 /* Release */ = {
			isa = XCBuildConfiguration;
			buildSettings = {
				BUNDLE_LOADER = "$(TEST_HOST)";
				CODE_SIGN_STYLE = Automatic;
				CURRENT_PROJECT_VERSION = 1;
				DEVELOPMENT_TEAM = 47JMH6775V;
				GENERATE_INFOPLIST_FILE = YES;
				IPHONEOS_DEPLOYMENT_TARGET = 18.2;
				MARKETING_VERSION = 1.0;
				PRODUCT_BUNDLE_IDENTIFIER = com.engingunduz.ChatGPTUITests;
				PRODUCT_NAME = "$(TARGET_NAME)";
				SWIFT_EMIT_LOC_STRINGS = NO;
				SWIFT_VERSION = 5.0;
				TARGETED_DEVICE_FAMILY = "1,2";
				TEST_HOST = "$(BUILT_PRODUCTS_DIR)/ChatGPTUI.app/$(BUNDLE_EXECUTABLE_FOLDER_PATH)/ChatGPTUI";
			};
			name = Release;
		};
		ED8E53132D60EFA600CF9CB1 /* Debug */ = {
			isa = XCBuildConfiguration;
			buildSettings = {
				CODE_SIGN_STYLE = Automatic;
				CURRENT_PROJECT_VERSION = 1;
				DEVELOPMENT_TEAM = 47JMH6775V;
				GENERATE_INFOPLIST_FILE = YES;
				MARKETING_VERSION = 1.0;
				PRODUCT_BUNDLE_IDENTIFIER = com.engingunduz.ChatGPTUIUITests;
				PRODUCT_NAME = "$(TARGET_NAME)";
				SWIFT_EMIT_LOC_STRINGS = NO;
				SWIFT_VERSION = 5.0;
				TARGETED_DEVICE_FAMILY = "1,2";
				TEST_TARGET_NAME = ChatGPTUI;
			};
			name = Debug;
		};
		ED8E53142D60EFA600CF9CB1 /* Release */ = {
			isa = XCBuildConfiguration;
			buildSettings = {
				CODE_SIGN_STYLE = Automatic;
				CURRENT_PROJECT_VERSION = 1;
				DEVELOPMENT_TEAM = 47JMH6775V;
				GENERATE_INFOPLIST_FILE = YES;
				MARKETING_VERSION = 1.0;
				PRODUCT_BUNDLE_IDENTIFIER = com.engingunduz.ChatGPTUIUITests;
				PRODUCT_NAME = "$(TARGET_NAME)";
				SWIFT_EMIT_LOC_STRINGS = NO;
				SWIFT_VERSION = 5.0;
				TARGETED_DEVICE_FAMILY = "1,2";
				TEST_TARGET_NAME = ChatGPTUI;
			};
			name = Release;
		};
/* End XCBuildConfiguration section */

/* Begin XCConfigurationList section */
		ED8E52E32D60EFA400CF9CB1 /* Build configuration list for PBXProject "ChatGPTUI" */ = {
			isa = XCConfigurationList;
			buildConfigurations = (
				ED8E530A2D60EFA600CF9CB1 /* Debug */,
				ED8E530B2D60EFA600CF9CB1 /* Release */,
			);
			defaultConfigurationIsVisible = 0;
			defaultConfigurationName = Release;
		};
		ED8E530C2D60EFA600CF9CB1 /* Build configuration list for PBXNativeTarget "ChatGPTUI" */ = {
			isa = XCConfigurationList;
			buildConfigurations = (
				ED8E530D2D60EFA600CF9CB1 /* Debug */,
				ED8E530E2D60EFA600CF9CB1 /* Release */,
			);
			defaultConfigurationIsVisible = 0;
			defaultConfigurationName = Release;
		};
		ED8E530F2D60EFA600CF9CB1 /* Build configuration list for PBXNativeTarget "ChatGPTUITests" */ = {
			isa = XCConfigurationList;
			buildConfigurations = (
				ED8E53102D60EFA600CF9CB1 /* Debug */,
				ED8E53112D60EFA600CF9CB1 /* Release */,
			);
			defaultConfigurationIsVisible = 0;
			defaultConfigurationName = Release;
		};
		ED8E53122D60EFA600CF9CB1 /* Build configuration list for PBXNativeTarget "ChatGPTUIUITests" */ = {
			isa = XCConfigurationList;
			buildConfigurations = (
				ED8E53132D60EFA600CF9CB1 /* Debug */,
				ED8E53142D60EFA600CF9CB1 /* Release */,
			);
			defaultConfigurationIsVisible = 0;
			defaultConfigurationName = Release;
		};
/* End XCConfigurationList section */
	};
	rootObject = ED8E52E02D60EFA400CF9CB1 /* Project object */;
}
